
Microsoft Visual Studio Solution File, Format Version 12.00
# Visual Studio Version 17
VisualStudioVersion = 17.5.33530.505
MinimumVisualStudioVersion = 10.0.40219.1
Project("{FAE04EC0-301F-11D3-BF4B-00C04F79EFBC}") = "WpfApp", "WpfApp\WpfApp.csproj", "{470639E5-E693-4D42-89EF-51C7B6C3204D}"
EndProject
Global
	GlobalSection(SolutionConfigurationPlatforms) = preSolution
		Debug|Any CPU = Debug|Any CPU
		Release|Any CPU = Release|Any CPU
	EndGlobalSection
	GlobalSection(ProjectConfigurationPlatforms) = postSolution
		{470639E5-E693-4D42-89EF-51C7B6C3204D}.Debug|Any CPU.ActiveCfg = Debug|Any CPU
		{470639E5-E693-4D42-89EF-51C7B6C3204D}.Debug|Any CPU.Build.0 = Debug|Any CPU
		{470639E5-E693-4D42-89EF-51C7B6C3204D}.Release|Any CPU.ActiveCfg = Release|Any CPU
		{470639E5-E693-4D42-89EF-51C7B6C3204D}.Release|Any CPU.Build.0 = Release|Any CPU
	EndGlobalSection
	GlobalSection(SolutionProperties) = preSolution
		HideSolutionNode = FALSE
	EndGlobalSection
	GlobalSection(ExtensibilityGlobals) = postSolution
		SolutionGuid = {C12EE6BC-814D-499D-AC06-DD4383251F15}
	EndGlobalSection
EndGlobal
